
Microsoft Visual Studio Solution File, Format Version 12.00
# Visual Studio Version 16
VisualStudioVersion = 16.0.32510.428
MinimumVisualStudioVersion = 10.0.40219.1
Project("{9A19103F-16F7-4668-BE54-9A1E7A4F7556}") = "FaceLookup", "FaceLookup\FaceLookup.csproj", "{5A2DB058-8C57-4E76-A16A-D084F60ABAE5}"
EndProject
Project("{FAE04EC0-301F-11D3-BF4B-00C04F79EFBC}") = "FaceLookup.Models", "FaceLookup.Models\FaceLookup.Models.csproj", "{6D5C0490-4AEC-4CE3-8E63-515DD00FD380}"
EndProject
Global
	GlobalSection(SolutionConfigurationPlatforms) = preSolution
		Debug|Any CPU = Debug|Any CPU
		Release|Any CPU = Release|Any CPU
	EndGlobalSection
	GlobalSection(ProjectConfigurationPlatforms) = postSolution
		{5A2DB058-8C57-4E76-A16A-D084F60ABAE5}.Debug|Any CPU.ActiveCfg = Debug|Any CPU
		{5A2DB058-8C57-4E76-A16A-D084F60ABAE5}.Debug|Any CPU.Build.0 = Debug|Any CPU
		{5A2DB058-8C57-4E76-A16A-D084F60ABAE5}.Release|Any CPU.ActiveCfg = Release|Any CPU
		{5A2DB058-8C57-4E76-A16A-D084F60ABAE5}.Release|Any CPU.Build.0 = Release|Any CPU
		{6D5C0490-4AEC-4CE3-8E63-515DD00FD380}.Debug|Any CPU.ActiveCfg = Debug|Any CPU
		{6D5C0490-4AEC-4CE3-8E63-515DD00FD380}.Debug|Any CPU.Build.0 = Debug|Any CPU
		{6D5C0490-4AEC-4CE3-8E63-515DD00FD380}.Release|Any CPU.ActiveCfg = Release|Any CPU
		{6D5C0490-4AEC-4CE3-8E63-515DD00FD380}.Release|Any CPU.Build.0 = Release|Any CPU
	EndGlobalSection
	GlobalSection(SolutionProperties) = preSolution
		HideSolutionNode = FALSE
	EndGlobalSection
	GlobalSection(ExtensibilityGlobals) = postSolution
		SolutionGuid = {A358B524-5F69-4BC5-BE1F-1A978B5A311A}
	EndGlobalSection
EndGlobal
